
Microsoft Visual Studio Solution File, Format Version 12.00
# Visual Studio Version 17
VisualStudioVersion = 17.4.33110.190
MinimumVisualStudioVersion = 10.0.40219.1
Project("{FAE04EC0-301F-11D3-BF4B-00C04F79EFBC}") = "EasySave_Console", "EasySave_Console\EasySave_Console.csproj", "{2C432617-37F1-4549-BFDD-173F444227F4}"
EndProject
Global
	GlobalSection(SolutionConfigurationPlatforms) = preSolution
		Debug|Any CPU = Debug|Any CPU
		Release|Any CPU = Release|Any CPU
	EndGlobalSection
	GlobalSection(ProjectConfigurationPlatforms) = postSolution
		{2C432617-37F1-4549-BFDD-173F444227F4}.Debug|Any CPU.ActiveCfg = Debug|Any CPU
		{2C432617-37F1-4549-BFDD-173F444227F4}.Debug|Any CPU.Build.0 = Debug|Any CPU
		{2C432617-37F1-4549-BFDD-173F444227F4}.Release|Any CPU.ActiveCfg = Release|Any CPU
		{2C432617-37F1-4549-BFDD-173F444227F4}.Release|Any CPU.Build.0 = Release|Any CPU
	EndGlobalSection
	GlobalSection(SolutionProperties) = preSolution
		HideSolutionNode = FALSE
	EndGlobalSection
	GlobalSection(ExtensibilityGlobals) = postSolution
		SolutionGuid = {E85CA40D-DDFF-4E56-9634-6805B7215467}
	EndGlobalSection
EndGlobal
